
Microsoft Visual Studio Solution File, Format Version 12.00
# Visual Studio Version 17
VisualStudioVersion = 17.0.32014.148
MinimumVisualStudioVersion = 10.0.40219.1
Project("{2150E333-8FDC-42A3-9474-1A3956D46DE8}") = "src", "src", "{66C0DCFF-3D29-4259-AD0E-EBA28AF6C661}"
EndProject
Project("{9A19103F-16F7-4668-BE54-9A1E7A4F7556}") = "EshopOnVue.js.Spa", "EshopOnVue.js.Spa\EshopOnVue.js.Spa.csproj", "{1F604CA2-3756-4834-B7FB-774BFC569A81}"
EndProject
Project("{9A19103F-16F7-4668-BE54-9A1E7A4F7556}") = "EshopOnVue.js.Infrastructure", "EshopOnVue.js.Infrastructure\EshopOnVue.js.Infrastructure.csproj", "{217005C4-711E-4A07-AC02-7D2096352C17}"
EndProject
Project("{9A19103F-16F7-4668-BE54-9A1E7A4F7556}") = "EshopOnVue.js.Core", "EshopOnVue.js.Core\EshopOnVue.js.Core.csproj", "{3E2FB14B-EA01-4DE6-AD19-BEB677916D48}"
EndProject
Project("{2150E333-8FDC-42A3-9474-1A3956D46DE8}") = "Tests", "Tests", "{981C1FE1-AF11-4E48-A6D0-BC10571DDF33}"
EndProject
Project("{9A19103F-16F7-4668-BE54-9A1E7A4F7556}") = "EshopOnVue.js.Core.Tests", "EshopOnVue.js.Core.Tests\EshopOnVue.js.Core.Tests.csproj", "{53F785FA-91E9-4C26-8449-318AAF1B57BC}"
EndProject
Project("{9A19103F-16F7-4668-BE54-9A1E7A4F7556}") = "EshopOnVue.js.Spa.Tests", "EshopOnVue.js.Spa.Tests\EshopOnVue.js.Spa.Tests.csproj", "{921DB987-EECD-4F31-B7E4-C8126BF91672}"
EndProject
Project("{2150E333-8FDC-42A3-9474-1A3956D46DE8}") = "Solution Items", "Solution Items", "{457A06C7-E111-4C51-9415-CAC69F208D93}"
	ProjectSection(SolutionItems) = preProject
		Directory.Packages.props = Directory.Packages.props
		Docker.txt = Docker.txt
		EF.txt = EF.txt
		..\README.md = ..\README.md
	EndProjectSection
EndProject
Project("{9A19103F-16F7-4668-BE54-9A1E7A4F7556}") = "EshopOnVue.js.Client.SDK", "EshopOnVue.js.Client.SDK\EshopOnVue.js.Client.SDK.csproj", "{A0212FC5-6EB9-4FDD-A4D5-989D73DF38A0}"
EndProject
Project("{9A19103F-16F7-4668-BE54-9A1E7A4F7556}") = "EshopOnVue.js.Spa.IntegrationTests", "EshopOnVue.js.Spa.IntegrationTests\EshopOnVue.js.Spa.IntegrationTests.csproj", "{684ABB95-FC5E-4BFA-BE2A-18C6B0EC1A93}"
EndProject
Global
	GlobalSection(SolutionConfigurationPlatforms) = preSolution
		Debug|Any CPU = Debug|Any CPU
		Release|Any CPU = Release|Any CPU
	EndGlobalSection
	GlobalSection(ProjectConfigurationPlatforms) = postSolution
		{1F604CA2-3756-4834-B7FB-774BFC569A81}.Debug|Any CPU.ActiveCfg = Debug|Any CPU
		{1F604CA2-3756-4834-B7FB-774BFC569A81}.Debug|Any CPU.Build.0 = Debug|Any CPU
		{1F604CA2-3756-4834-B7FB-774BFC569A81}.Release|Any CPU.ActiveCfg = Release|Any CPU
		{1F604CA2-3756-4834-B7FB-774BFC569A81}.Release|Any CPU.Build.0 = Release|Any CPU
		{217005C4-711E-4A07-AC02-7D2096352C17}.Debug|Any CPU.ActiveCfg = Debug|Any CPU
		{217005C4-711E-4A07-AC02-7D2096352C17}.Debug|Any CPU.Build.0 = Debug|Any CPU
		{217005C4-711E-4A07-AC02-7D2096352C17}.Release|Any CPU.ActiveCfg = Release|Any CPU
		{217005C4-711E-4A07-AC02-7D2096352C17}.Release|Any CPU.Build.0 = Release|Any CPU
		{3E2FB14B-EA01-4DE6-AD19-BEB677916D48}.Debug|Any CPU.ActiveCfg = Debug|Any CPU
		{3E2FB14B-EA01-4DE6-AD19-BEB677916D48}.Debug|Any CPU.Build.0 = Debug|Any CPU
		{3E2FB14B-EA01-4DE6-AD19-BEB677916D48}.Release|Any CPU.ActiveCfg = Release|Any CPU
		{3E2FB14B-EA01-4DE6-AD19-BEB677916D48}.Release|Any CPU.Build.0 = Release|Any CPU
		{53F785FA-91E9-4C26-8449-318AAF1B57BC}.Debug|Any CPU.ActiveCfg = Debug|Any CPU
		{53F785FA-91E9-4C26-8449-318AAF1B57BC}.Debug|Any CPU.Build.0 = Debug|Any CPU
		{53F785FA-91E9-4C26-8449-318AAF1B57BC}.Release|Any CPU.ActiveCfg = Release|Any CPU
		{53F785FA-91E9-4C26-8449-318AAF1B57BC}.Release|Any CPU.Build.0 = Release|Any CPU
		{921DB987-EECD-4F31-B7E4-C8126BF91672}.Debug|Any CPU.ActiveCfg = Debug|Any CPU
		{921DB987-EECD-4F31-B7E4-C8126BF91672}.Debug|Any CPU.Build.0 = Debug|Any CPU
		{921DB987-EECD-4F31-B7E4-C8126BF91672}.Release|Any CPU.ActiveCfg = Release|Any CPU
		{921DB987-EECD-4F31-B7E4-C8126BF91672}.Release|Any CPU.Build.0 = Release|Any CPU
		{A0212FC5-6EB9-4FDD-A4D5-989D73DF38A0}.Debug|Any CPU.ActiveCfg = Debug|Any CPU
		{A0212FC5-6EB9-4FDD-A4D5-989D73DF38A0}.Debug|Any CPU.Build.0 = Debug|Any CPU
		{A0212FC5-6EB9-4FDD-A4D5-989D73DF38A0}.Release|Any CPU.ActiveCfg = Release|Any CPU
		{A0212FC5-6EB9-4FDD-A4D5-989D73DF38A0}.Release|Any CPU.Build.0 = Release|Any CPU
		{684ABB95-FC5E-4BFA-BE2A-18C6B0EC1A93}.Debug|Any CPU.ActiveCfg = Debug|Any CPU
		{684ABB95-FC5E-4BFA-BE2A-18C6B0EC1A93}.Debug|Any CPU.Build.0 = Debug|Any CPU
		{684ABB95-FC5E-4BFA-BE2A-18C6B0EC1A93}.Release|Any CPU.ActiveCfg = Release|Any CPU
		{684ABB95-FC5E-4BFA-BE2A-18C6B0EC1A93}.Release|Any CPU.Build.0 = Release|Any CPU
	EndGlobalSection
	GlobalSection(SolutionProperties) = preSolution
		HideSolutionNode = FALSE
	EndGlobalSection
	GlobalSection(NestedProjects) = preSolution
		{1F604CA2-3756-4834-B7FB-774BFC569A81} = {66C0DCFF-3D29-4259-AD0E-EBA28AF6C661}
		{217005C4-711E-4A07-AC02-7D2096352C17} = {66C0DCFF-3D29-4259-AD0E-EBA28AF6C661}
		{3E2FB14B-EA01-4DE6-AD19-BEB677916D48} = {66C0DCFF-3D29-4259-AD0E-EBA28AF6C661}
		{53F785FA-91E9-4C26-8449-318AAF1B57BC} = {981C1FE1-AF11-4E48-A6D0-BC10571DDF33}
		{921DB987-EECD-4F31-B7E4-C8126BF91672} = {981C1FE1-AF11-4E48-A6D0-BC10571DDF33}
		{A0212FC5-6EB9-4FDD-A4D5-989D73DF38A0} = {66C0DCFF-3D29-4259-AD0E-EBA28AF6C661}
		{684ABB95-FC5E-4BFA-BE2A-18C6B0EC1A93} = {981C1FE1-AF11-4E48-A6D0-BC10571DDF33}
	EndGlobalSection
	GlobalSection(ExtensibilityGlobals) = postSolution
		SolutionGuid = {54C69A19-0A5A-449C-9033-D3C095E24CCA}
	EndGlobalSection
EndGlobal
